version = 1
revision = 3
requires-python = ">=3.12"

[[package]]
name = "click"
version = "8.3.2"
source = { registry = "https://pypi.org/simple" }
dependencies = [
    { name = "colorama", marker = "sys_platform == 'win32'" },
]
sdist = { url = "https://files.pythonhosted.org/packages/57/75/31212c6bf2503fdf920d87fee5d7a86a2e3bcf444984126f13d8e4016804/click-8.3.2.tar.gz", hash = "sha256:14162b8b3b3550a7d479eafa77dfd3c38d9dc8951f6f69c78913a8f9a7540fd5", size = 302856, upload-time = "2026-04-03T19:14:45.118Z" }
wheels = [
    { url = "https://files.pythonhosted.org/packages/e4/20/71885d8b97d4f3dde17b1fdb92dbd4908b00541c5a3379787137285f602e/click-8.3.2-py3-none-any.whl", hash = "sha256:1924d2c27c5653561cd2cae4548d1406039cb79b858b747cfea24924bbc1616d", size = 108379, upload-time = "2026-04-03T19:14:43.505Z" },
]

[[package]]
name = "colorama"
version = "0.4.6"
source = { registry = "https://pypi.org/simple" }
sdist = { url = "https://files.pythonhosted.org/packages/d8/53/6f443c9a4a8358a93a6792e2acffb9d9d5cb0a5cfd8802644b7b1c9a02e4/colorama-0.4.6.tar.gz", hash = "sha256:08695f5cb7ed6e0531a20572697297273c47b8cae5a63ffc6d6ed5c201be6e44", size = 27697, upload-time = "2022-10-25T02:36:22.414Z" }
wheels = [
    { url = "https://files.pythonhosted.org/packages/d1/d6/3965ed04c63042e047cb6a3e6ed1a63a35087b6a609aa3a15ed8ac56c221/colorama-0.4.6-py2.py3-none-any.whl", hash = "sha256:4f1d9991f5acc0ca119f9d443620b77f9d6b33703e51011c16baf57afb285fc6", size = 25335, upload-time = "2022-10-25T02:36:20.889Z" },
]

[[package]]
name = "ddgs"
version = "9.13.1"
source = { registry = "https://pypi.org/simple" }
dependencies = [
    { name = "click" },
    { name = "lxml" },
    { name = "primp" },
]
sdist = { url = "https://files.pythonhosted.org/packages/11/04/2a40c5253e6772d9a4bf4a3036976d411fc3c3592fdcf0ce555733e08ddc/ddgs-9.13.1.tar.gz", hash = "sha256:b7149326396f9006e6ad5c565ea60cfd643deb4a936f5d2ca6db8f6b29fe26fa", size = 37300, upload-time = "2026-04-14T10:40:03.424Z" }
wheels = [
    { url = "https://files.pythonhosted.org/packages/c1/c7/090c37ec80916da9abc0d88335a5df7efce4755287ddd54bcf3c02b113dd/ddgs-9.13.1-py3-none-any.whl", hash = "sha256:32282cb8ec8f70ef9e4d24ff5c9886c60b17a3b00ef927c75cb76275289a9802", size = 46427, upload-time = "2026-04-14T10:40:02.458Z" },
]

[[package]]
name = "lxml"
version = "6.0.4"
source = { registry = "https://pypi.org/simple" }
sdist = { url = "https://files.pythonhosted.org/packages/ce/08/1217ca4043f55c3c92993b283a7dbfa456a2058d8b57bbb416cc96b6efff/lxml-6.0.4.tar.gz", hash = "sha256:4137516be2a90775f99d8ef80ec0283f8d78b5d8bd4630ff20163b72e7e9abf2", size = 4237780, upload-time = "2026-04-12T16:28:24.182Z" }
wheels = [
    { url = "https://files.pythonhosted.org/packages/3d/18/4732abab49bbb041b1ded9dd913ca89735a0dcca038eacec64c44ba02163/lxml-6.0.4-cp312-cp312-macosx_10_13_universal2.whl", hash = "sha256:af0b8459c4e21a8417db967b2e453d1855022dac79c79b61fb8214f3da50f17e", size = 8570033, upload-time = "2026-04-12T16:24:10.728Z" },
    { url = "https://files.pythonhosted.org/packages/72/7e/38523ec7178ca35376551911455d1b2766bc9d98bcc18f606a167fa9ecbb/lxml-6.0.4-cp312-cp312-macosx_10_13_x86_64.whl", hash = "sha256:e0cdcea2affa53fa17dc4bf5cefc0edf72583eac987d669493a019998a623fa3", size = 4623270, upload-time = "2026-04-12T16:24:13.2Z" },
    { url = "https://files.pythonhosted.org/packages/f1/cf/f9b6c9bf9d8c63d923ef893915141767cea4cea71774f20c36d0c14e1585/lxml-6.0.4-cp312-cp312-manylinux2014_aarch64.manylinux_2_17_aarch64.whl", hash = "sha256:8da4d4840c1bc07da6fcd647784f7fbaf538eeb7a57ce6b2487acc54c5e33330", size = 4929471, upload-time = "2026-04-12T16:24:15.453Z" },
    { url = "https://files.pythonhosted.org/packages/e5/53/3117f988c9e20be4156d2b8e1bda82ae06878d11aeb820dea111a7cfa4e3/lxml-6.0.4-cp312-cp312-manylinux2014_x86_64.manylinux_2_17_x86_64.whl", hash = "sha256:fb04a997588c3980894ded9172c10c5a3e45d3f1c5410472733626d268683806", size = 5092355, upload-time = "2026-04-12T16:24:17.876Z" },
    { url = "https://files.pythonhosted.org/packages/4e/ca/05c6ac773a2bd3edb48fa8a5c5101e927ce044c4a8aed1a85ff00fab20a5/lxml-6.0.4-cp312-cp312-manylinux_2_26_aarch64.manylinux_2_28_aarch64.whl", hash = "sha256:ca449642a08a6ceddf6e6775b874b6aee1b6242ed80aea84124497aba28e5384", size = 5004520, upload-time = "2026-04-12T16:24:20.184Z" },
    { url = "https://files.pythonhosted.org/packages/f1/db/d8aa5aa3a51d0aa6706ef85f85027f7c972cd840fe69ba058ecaf32d093d/lxml-6.0.4-cp312-cp312-manylinux_2_26_ppc64le.manylinux_2_28_ppc64le.whl", hash = "sha256:35b3ccdd137e62033662787dd4d2b8be900c686325d6b91e3b1ff6213d05ba11", size = 5629961, upload-time = "2026-04-12T16:24:22.242Z" },
    { url = "https://files.pythonhosted.org/packages/9d/75/8fff4444e0493aeb15ab0f4a55c767b5baed9074cf67a1835dc1161f3a1f/lxml-6.0.4-cp312-cp312-manylinux_2_26_x86_64.manylinux_2_28_x86_64.whl", hash = "sha256:45dc690c54b1341fec01743caed02e5f1ea49d7cfb81e3ba48903e5e844ed68a", size = 5237561, upload-time = "2026-04-12T16:24:24.572Z" },
    { url = "https://files.pythonhosted.org/packages/2a/9f/6d6cd73014f2dbf47a8aa7accd9712726f46ef4891e1c126bc285cfb94e4/lxml-6.0.4-cp312-cp312-manylinux_2_28_i686.whl", hash = "sha256:15ae922e8f74b05798a0e88cee46c0244aaec6a66b5e00be7d18648fed8c432e", size = 5349197, upload-time = "2026-04-12T16:24:26.805Z" },
    { url = "https://files.pythonhosted.org/packages/2d/43/e3e9a126e166234d1659d1dd9004dc1dd50cdc3c68575b071b0a1524b4de/lxml-6.0.4-cp312-cp312-manylinux_2_31_armv7l.whl", hash = "sha256:ebd816653707fbf10c65e3dee3bc24dac6b691654c21533b1ae49287433f4db0", size = 4693123, upload-time = "2026-04-12T16:24:28.812Z" },
    { url = "https://files.pythonhosted.org/packages/6c/98/b146dd123a4a7b69b571ff23ea8e8c68de8d8c1b03e23d01c6374d4fd835/lxml-6.0.4-cp312-cp312-manylinux_2_38_riscv64.manylinux_2_39_riscv64.whl", hash = "sha256:21284cf36b95dd8be774eb06c304b440cf49ee811800a30080ce6d93700f0383", size = 5242967, upload-time = "2026-04-12T16:24:30.811Z" },
    { url = "https://files.pythonhosted.org/packages/7e/60/8c275584452b55a902c883e8ab63d755c5ef35d7ad1f06f9e6559095521d/lxml-6.0.4-cp312-cp312-musllinux_1_2_aarch64.whl", hash = "sha256:0c08a2a9d0c4028ef5fc5a513b2e1e51af069a83c5b4206139edd08b3b8c2926", size = 5046810, upload-time = "2026-04-12T16:24:33.289Z" },
    { url = "https://files.pythonhosted.org/packages/19/aa/19ec216147e1105e5403fe73657c693a6e91bde855a13242dd6031e829e5/lxml-6.0.4-cp312-cp312-musllinux_1_2_armv7l.whl", hash = "sha256:1bc2f0f417112cf1a428599dd58125ab74d8e1c66893efd9b907cbb4a5db6e44", size = 4776383, upload-time = "2026-04-12T16:24:36.008Z" },
    { url = "https://files.pythonhosted.org/packages/41/c8/90afdb838705a736268fcffd2698c05e9a129144ce215d5e14db3bdfc295/lxml-6.0.4-cp312-cp312-musllinux_1_2_ppc64le.whl", hash = "sha256:c0d86e328405529bc93913add9ff377e8b8ea9be878e611f19dbac7766a84483", size = 5643497, upload-time = "2026-04-12T16:24:38.276Z" },
    { url = "https://files.pythonhosted.org/packages/32/ec/1135261ec9822dafb90be0ff6fb0ec79cee0b7fe878833dfe5f2b8c393bd/lxml-6.0.4-cp312-cp312-musllinux_1_2_riscv64.whl", hash = "sha256:3cce9420fe8f91eae5d457582599d282195c958cb670aa4bea313a79103ba33f", size = 5232185, upload-time = "2026-04-12T16:24:40.516Z" },
    { url = "https://files.pythonhosted.org/packages/13/f2/7380b11cae6943720f525e5a28ad9dbead96ac710417e556b7c03f3a8af3/lxml-6.0.4-cp312-cp312-musllinux_1_2_x86_64.whl", hash = "sha256:96214985ec194ce97b9028414e179cfb21230cba4e2413aee7e249461bb84f4d", size = 5259968, upload-time = "2026-04-12T16:24:42.917Z" },
    { url = "https://files.pythonhosted.org/packages/65/8f/141734f2c456f2253fed4237d8d4b241e3d701129cf6f0b135ccf241a75a/lxml-6.0.4-cp312-cp312-win32.whl", hash = "sha256:b2209b310e7ed1d4cd1c00d405ec9c49722fce731c7036abc1d876bf8df78139", size = 3594958, upload-time = "2026-04-12T16:24:45.039Z" },
    { url = "https://files.pythonhosted.org/packages/b7/a9/c6d3531c6d8814af0919fbdb9bda43c9e8b5deffcb70c8534017db233512/lxml-6.0.4-cp312-cp312-win_amd64.whl", hash = "sha256:03affcacfba4671ebc305813b02bfaf34d80b6a7c5b23eafc5d6da14a1a6e623", size = 3995897, upload-time = "2026-04-12T16:24:46.98Z" },
    { url = "https://files.pythonhosted.org/packages/03/5d/1dabeddf762e5a315a31775b2bca39811d7e7a15fc3e677d044b9da973fe/lxml-6.0.4-cp312-cp312-win_arm64.whl", hash = "sha256:af9678e3a2a047465515d95a61690109af7a4c9486f708249119adcef7861049", size = 3658607, upload-time = "2026-04-12T16:24:49.19Z" },
    { url = "https://files.pythonhosted.org/packages/78/f6/550a1ed9afde66e24bfcf9892446ea9779152df336062c6df0f7733151a2/lxml-6.0.4-cp313-cp313-macosx_10_13_universal2.whl", hash = "sha256:ecc3d55ed756ee6c3447748862a97e1f5392d2c5d7f474bace9382345e4fc274", size = 8559522, upload-time = "2026-04-12T16:24:51.563Z" },
    { url = "https://files.pythonhosted.org/packages/11/93/3f687c14d2b4d24b60fe13fd5482c8853f82a10bb87f2b577123e342ed1a/lxml-6.0.4-cp313-cp313-macosx_10_13_x86_64.whl", hash = "sha256:a7d5a627a368a0e861350ccc567a70ec675d2bc4d8b3b54f48995ae78d8d530e", size = 4617380, upload-time = "2026-04-12T16:24:54.042Z" },
    { url = "https://files.pythonhosted.org/packages/b5/ed/91e443366063d3fb7640ae2badd5d7b65be4095ac6d849788e39c043baae/lxml-6.0.4-cp313-cp313-manylinux2014_aarch64.manylinux_2_17_aarch64.whl", hash = "sha256:d385141b186cc39ebe4863c1e41936282c65df19b2d06a701dedc2a898877d6a", size = 4922791, upload-time = "2026-04-12T16:24:56.381Z" },
    { url = "https://files.pythonhosted.org/packages/30/4b/2243260b70974aca9ba0cc71bd668c0c3a79644d80ddcabbfbdb4b131848/lxml-6.0.4-cp313-cp313-manylinux2014_x86_64.manylinux_2_17_x86_64.whl", hash = "sha256:0132bb040e9bb5a199302e12bf942741defbc52922a2a06ce9ff7be0d0046483", size = 5080972, upload-time = "2026-04-12T16:24:58.823Z" },
    { url = "https://files.pythonhosted.org/packages/f8/c3/54c53c4f772341bc12331557f8b0882a426f53133926306cbe6d7f0ee7e4/lxml-6.0.4-cp313-cp313-manylinux_2_26_aarch64.manylinux_2_28_aarch64.whl", hash = "sha256:26aee5321e4aa1f07c9090a35f6ab8b703903fb415c6c823cfdb20ee0d779855", size = 4992236, upload-time = "2026-04-12T16:25:01.099Z" },
    { url = "https://files.pythonhosted.org/packages/be/0f/416de42e22f287585abee610eb0d1c2638c9fe24cee7e15136e0b5e138f8/lxml-6.0.4-cp313-cp313-manylinux_2_26_ppc64le.manylinux_2_28_ppc64le.whl", hash = "sha256:b5652455de198ff76e02cfa57d5efc5f834fa45521aaf3fcc13d6b5a88bde23d", size = 5612398, upload-time = "2026-04-12T16:25:03.517Z" },
    { url = "https://files.pythonhosted.org/packages/7d/63/29a3fa79b8a182f5bd5b5bdcb6f625f49f08f41d60a26ca25482820a1b99/lxml-6.0.4-cp313-cp313-manylinux_2_26_x86_64.manylinux_2_28_x86_64.whl", hash = "sha256:75842801fb48aea73f4c281b923a010dfb39bad75edf8ceb2198ec30c27f01cc", size = 5227480, upload-time = "2026-04-12T16:25:06.119Z" },
    { url = "https://files.pythonhosted.org/packages/7c/4a/44d1843de599b1c6dbe578e4248c2f15e7fac90c5c86eb26775eaeac0fe0/lxml-6.0.4-cp313-cp313-manylinux_2_28_i686.whl", hash = "sha256:94a1f74607a5a049ff6ff8de429fec922e643e32b5b08ec7a4fe49e8de76e17c", size = 5341001, upload-time = "2026-04-12T16:25:08.563Z" },
    { url = "https://files.pythonhosted.org/packages/0d/52/c8aebde49f169e4e3452e7756be35be1cb2903e30d961cb57aa65a27055f/lxml-6.0.4-cp313-cp313-manylinux_2_31_armv7l.whl", hash = "sha256:173cc246d3d3b6d3b6491f0b3aaf22ebdf2eed616879482acad8bd84d73eb231", size = 4699105, upload-time = "2026-04-12T16:25:10.757Z" },
    { url = "https://files.pythonhosted.org/packages/78/60/76fc3735c31c28b70220d99452fb72052e84b618693ca2524da96f0131d8/lxml-6.0.4-cp313-cp313-manylinux_2_38_riscv64.manylinux_2_39_riscv64.whl", hash = "sha256:f0f2ee1be1b72e9890da87e4e422f2f703ff4638fd5ec5383055db431e8e30e9", size = 5231095, upload-time = "2026-04-12T16:25:13.305Z" },
    { url = "https://files.pythonhosted.org/packages/e5/60/448f01c52110102f23df5f07b3f4fde57c8e13e497e182a743d125324c0b/lxml-6.0.4-cp313-cp313-musllinux_1_2_aarch64.whl", hash = "sha256:c51a274b7e8b9ce394c3f8b471eb0b23c1914eec64fdccf674e082daf72abf11", size = 5042411, upload-time = "2026-04-12T16:25:15.541Z" },
    { url = "https://files.pythonhosted.org/packages/4a/2a/90612a001fa4fa0ff0443ebb0256a542670fe35473734c559720293e7aff/lxml-6.0.4-cp313-cp313-musllinux_1_2_armv7l.whl", hash = "sha256:210ea934cba1a1ec42f88c4190c4d5c67b2d14321a8faed9b39e8378198ff99d", size = 4768431, upload-time = "2026-04-12T16:25:17.581Z" },
    { url = "https://files.pythonhosted.org/packages/84/d8/572845a7d741c8a8ffeaf928185263e14d97fbd355de164677340951d7a5/lxml-6.0.4-cp313-cp313-musllinux_1_2_ppc64le.whl", hash = "sha256:14fe654a59eebe16368c51778caeb0c8fda6f897adcd9afe828d87d13b5d5e51", size = 5634972, upload-time = "2026-04-12T16:25:20.111Z" },
    { url = "https://files.pythonhosted.org/packages/d7/1d/392b8c9f8cf1d502bbec50dee137c7af3dd5def5e5cd84572fbf0ba0541c/lxml-6.0.4-cp313-cp313-musllinux_1_2_riscv64.whl", hash = "sha256:ec160a2b7e2b3cb71ec35010b19a1adea05785d19ba5c9c5f986b64b78fef564", size = 5222909, upload-time = "2026-04-12T16:25:22.243Z" },
    { url = "https://files.pythonhosted.org/packages/21/ab/949fc96f825cf083612aee65d5a02eacc5eaeb2815561220e33e1e160677/lxml-6.0.4-cp313-cp313-musllinux_1_2_x86_64.whl", hash = "sha256:d305b86ef10b23cf3a6d62a2ad23fa296f76495183ee623f64d2600f65ffe09c", size = 5249096, upload-time = "2026-04-12T16:25:24.781Z" },
    { url = "https://files.pythonhosted.org/packages/56/e8/fbe44df79ede5ff760401cc3c49c4204f49f0f529cc6b27d0af7b63f5472/lxml-6.0.4-cp313-cp313-win32.whl", hash = "sha256:a2f31380aa9a9b52591e79f1c1d3ac907688fbeb9d883ba28be70f2eb5db2277", size = 3595808, upload-time = "2026-04-12T16:25:26.747Z" },
    { url = "https://files.pythonhosted.org/packages/f8/df/e873abb881092256520edf0d67d686e36f3c86b3cf289f01b6458272dede/lxml-6.0.4-cp313-cp313-win_amd64.whl", hash = "sha256:b8efa9f681f15043e497293d58a4a63199564b253ed2291887d92bb3f74f59ab", size = 3994635, upload-time = "2026-04-12T16:25:28.828Z" },
    { url = "https://files.pythonhosted.org/packages/23/a8/9c56c8914b9b18d89face5a7472445002baf309167f7af65d988842129fd/lxml-6.0.4-cp313-cp313-win_arm64.whl", hash = "sha256:905abe6a5888129be18f85f2aea51f0c9863fa0722fb8530dfbb687d2841d221", size = 3657374, upload-time = "2026-04-12T16:25:30.901Z" },
    { url = "https://files.pythonhosted.org/packages/10/18/36e28a809c509a67496202771f545219ac5a2f1cd61aae325991fcf5ab91/lxml-6.0.4-cp314-cp314-macosx_10_15_universal2.whl", hash = "sha256:569d3b18340863f603582d2124e742a68e85755eff5e47c26a55e298521e3a01", size = 8575045, upload-time = "2026-04-12T16:25:33.57Z" },
    { url = "https://files.pythonhosted.org/packages/11/38/a168c820e3b08d3b4fa0f4e6b53b3930086b36cc11e428106d38c36778cd/lxml-6.0.4-cp314-cp314-macosx_10_15_x86_64.whl", hash = "sha256:3b6245ee5241342d45e1a54a4a8bc52ef322333ada74f24aa335c4ab36f20161", size = 4622963, upload-time = "2026-04-12T16:25:36.818Z" },
    { url = "https://files.pythonhosted.org/packages/53/e0/2c9d6abdd82358cea3c0d8d6ca272a6af0f38156abce7827efb6d5b62d17/lxml-6.0.4-cp314-cp314-manylinux2014_aarch64.manylinux_2_17_aarch64.whl", hash = "sha256:79a1173ba3213a3693889a435417d4e9f3c07d96e30dc7cc3a712ed7361015fe", size = 4948832, upload-time = "2026-04-12T16:25:39.104Z" },
    { url = "https://files.pythonhosted.org/packages/96/d7/f2202852e91d7baf3a317f4523a9c14834145301e5b0f2e80c01c4bfbd49/lxml-6.0.4-cp314-cp314-manylinux2014_x86_64.manylinux_2_17_x86_64.whl", hash = "sha256:dc18bb975666b443ba23aedd2fcf57e9d0d97546b52a1de97a447c4061ba4110", size = 5085865, upload-time = "2026-04-12T16:25:41.226Z" },
    { url = "https://files.pythonhosted.org/packages/09/57/abee549324496e92708f71391c6060a164d3c95369656a1a15e9f20d8162/lxml-6.0.4-cp314-cp314-manylinux_2_26_aarch64.manylinux_2_28_aarch64.whl", hash = "sha256:2079f5dc83291ac190a52f8354b78648f221ecac19fb2972a2d056b555824de7", size = 5030001, upload-time = "2026-04-12T16:25:43.695Z" },
    { url = "https://files.pythonhosted.org/packages/c2/f8/432da7178c5917a16468af6c5da68fef7cf3357d4bd0e6f50272ec9a59b5/lxml-6.0.4-cp314-cp314-manylinux_2_26_ppc64le.manylinux_2_28_ppc64le.whl", hash = "sha256:3eda02da4ca16e9ca22bbe5654470c17fa1abcd967a52e4c2e50ff278221e351", size = 5646303, upload-time = "2026-04-12T16:25:46.577Z" },
    { url = "https://files.pythonhosted.org/packages/82/f9/e1c04ef667a6bf9c9dbd3bf04c50fa51d7ee25b258485bb748b27eb9a1c7/lxml-6.0.4-cp314-cp314-manylinux_2_26_x86_64.manylinux_2_28_x86_64.whl", hash = "sha256:c3787cdc3832b70e21ac2efafea2a82a8ccb5e85bec110dc68b26023e9d3caae", size = 5237940, upload-time = "2026-04-12T16:25:49.157Z" },
    { url = "https://files.pythonhosted.org/packages/d0/f0/cdea60d92df731725fc3c4f33e387b100f210acd45c92969e42d2ba993fa/lxml-6.0.4-cp314-cp314-manylinux_2_28_i686.whl", hash = "sha256:3f276d49c23103565d39440b9b3f4fc08fa22f5a96395ea4b4d4fea4458b1505", size = 5350050, upload-time = "2026-04-12T16:25:52.027Z" },
    { url = "https://files.pythonhosted.org/packages/2e/15/bf52c7a70b6081bb9e00d37cc90fcf60aa84468d9d173ad2fade38ec34c5/lxml-6.0.4-cp314-cp314-manylinux_2_31_armv7l.whl", hash = "sha256:fdfdad73736402375b11b3a137e48cd09634177516baf5fc0bd80d1ca85f3cda", size = 4696409, upload-time = "2026-04-12T16:25:55.141Z" },
    { url = "https://files.pythonhosted.org/packages/c5/69/9bade267332cc06f9a9aa773b5a11bdfb249af485df9e142993009ea1fc4/lxml-6.0.4-cp314-cp314-manylinux_2_38_riscv64.manylinux_2_39_riscv64.whl", hash = "sha256:75912421456946931daba0ec3cedfa824c756585d05bde97813a17992bfbd013", size = 5249072, upload-time = "2026-04-12T16:25:57.362Z" },
    { url = "https://files.pythonhosted.org/packages/14/ca/043bcacb096d6ed291cbbc58724e9625a453069d6edeb840b0bf18038d05/lxml-6.0.4-cp314-cp314-musllinux_1_2_aarch64.whl", hash = "sha256:48cd5a88da67233fd82f2920db344503c2818255217cd6ea462c9bb8254ba7cb", size = 5083779, upload-time = "2026-04-12T16:26:00.018Z" },
    { url = "https://files.pythonhosted.org/packages/04/89/f5fb18d76985969e84af13682e489acabee399bb54738a363925ea6e7390/lxml-6.0.4-cp314-cp314-musllinux_1_2_armv7l.whl", hash = "sha256:87af86a8fa55b9ff1e6ee4233d762296f2ce641ba948af783fb995c5a8a3371b", size = 4736953, upload-time = "2026-04-12T16:26:02.289Z" },
    { url = "https://files.pythonhosted.org/packages/84/ba/d1d7284bb4ba951f188c3fc0455943c1fcbd1c33d1324d6d57b7d4a45be6/lxml-6.0.4-cp314-cp314-musllinux_1_2_ppc64le.whl", hash = "sha256:a743714cd656ba7ccb29d199783906064c7b5ba3c0e2a79f0244ea0badc6a98c", size = 5669605, upload-time = "2026-04-12T16:26:04.694Z" },
    { url = "https://files.pythonhosted.org/packages/72/05/1463e55f2de27bb60feddc894dd7c0833bd501f8861392ed416291b38db5/lxml-6.0.4-cp314-cp314-musllinux_1_2_riscv64.whl", hash = "sha256:e31c76bd066fb4f81d9a32e5843bffdf939ab27afb1ffc1c924e749bfbdb00e3", size = 5236886, upload-time = "2026-04-12T16:26:07.659Z" },
    { url = "https://files.pythonhosted.org/packages/fe/fb/0b6ee9194ce3ac49db4cadaa8a9158f04779fc768b6c27c4e2945d71a99d/lxml-6.0.4-cp314-cp314-musllinux_1_2_x86_64.whl", hash = "sha256:f185fd6e7d550e9917d7103dccf51be589aba953e15994fb04646c1730019685", size = 5263382, upload-time = "2026-04-12T16:26:10.067Z" },
    { url = "https://files.pythonhosted.org/packages/9a/93/ec18a08e98dd82cac39f1d2511ee2bed5affb94d228356d8ef165a4ec3b9/lxml-6.0.4-cp314-cp314-win32.whl", hash = "sha256:774660028f8722a598400430d2746fb0075949f84a9a5cd9767d9152e3baaac5", size = 3656164, upload-time = "2026-04-12T16:26:59.568Z" },
    { url = "https://files.pythonhosted.org/packages/15/86/52507316abfc7150bf6bb191e39a12e301ee80334610a493884ae2f9d20d/lxml-6.0.4-cp314-cp314-win_amd64.whl", hash = "sha256:fbd7d14349413f5609c0b537b1a48117d6ccef1af37986af6b03766ad05bf43e", size = 4062512, upload-time = "2026-04-12T16:27:02.212Z" },
    { url = "https://files.pythonhosted.org/packages/f1/d5/09c593a2ef2234b8cd6cf059e2dc212e0654bf05c503f0ef2daf05adb680/lxml-6.0.4-cp314-cp314-win_arm64.whl", hash = "sha256:a61a01ec3fbfd5b73a69a7bf513271051fd6c5795d82fc5daa0255934cd8db3d", size = 3740745, upload-time = "2026-04-12T16:27:04.444Z" },
    { url = "https://files.pythonhosted.org/packages/4a/3c/42a98bf6693938bf7b285ec7f70ba2ae9d785d0e5b2cdb85d2ee29e287eb/lxml-6.0.4-cp314-cp314t-macosx_10_15_universal2.whl", hash = "sha256:504edb62df33cea502ea6e73847c647ba228623ca3f80a228be5723a70984dd5", size = 8826437, upload-time = "2026-04-12T16:26:12.911Z" },
    { url = "https://files.pythonhosted.org/packages/c2/c2/ad13f39b2db8709788aa2dcb6e90b81da76db3b5b2e7d35e0946cf984960/lxml-6.0.4-cp314-cp314t-macosx_10_15_x86_64.whl", hash = "sha256:f01b7b0316d4c0926d49a7f003b2d30539f392b140a3374bb788bad180bc8478", size = 4734892, upload-time = "2026-04-12T16:26:15.871Z" },
    { url = "https://files.pythonhosted.org/packages/2c/6d/c559d7b5922c5b0380fc2cb5ac134b6a3f9d79d368347a624ee5d68b0816/lxml-6.0.4-cp314-cp314t-manylinux2014_aarch64.manylinux_2_17_aarch64.whl", hash = "sha256:ab999933e662501efe4b16e6cfb7c9f9deca7d072cd1788b99c8defde78c0dfb", size = 4969173, upload-time = "2026-04-12T16:26:18.335Z" },
    { url = "https://files.pythonhosted.org/packages/c7/78/ca521e36157f38e3e1a29276855cdf48d213138fc0c8365693ff5c876ca7/lxml-6.0.4-cp314-cp314t-manylinux2014_x86_64.manylinux_2_17_x86_64.whl", hash = "sha256:67c3f084389fe75932c39b6869a377f6c8e21e818f31ae8a30c71dd2e59360e2", size = 5103134, upload-time = "2026-04-12T16:26:20.612Z" },
    { url = "https://files.pythonhosted.org/packages/28/a7/7d62d023bacaa0aaf60af8c0a77c6c05f84327396d755f3aa64b788678a9/lxml-6.0.4-cp314-cp314t-manylinux_2_26_aarch64.manylinux_2_28_aarch64.whl", hash = "sha256:377ea1d654f76ed6205c87d14920f829c9f4d31df83374d3cbcbdaae804d37b2", size = 5027205, upload-time = "2026-04-12T16:26:22.981Z" },
    { url = "https://files.pythonhosted.org/packages/34/be/51b194b81684f2e85e5d992771c45d70cb22ac6f7291ac6bc7b255830afe/lxml-6.0.4-cp314-cp314t-manylinux_2_26_ppc64le.manylinux_2_28_ppc64le.whl", hash = "sha256:e60cd0bcacbfd1a96d63516b622183fb2e3f202300df9eb5533391a8a939dbfa", size = 5594461, upload-time = "2026-04-12T16:26:25.316Z" },
    { url = "https://files.pythonhosted.org/packages/39/24/8850f38fbf89dd072ff31ba22f9e40347aeada7cadf710ecb04b8d9f32d4/lxml-6.0.4-cp314-cp314t-manylinux_2_26_x86_64.manylinux_2_28_x86_64.whl", hash = "sha256:6e9e30fd63d41dd0bbdb020af5cdfffd5d9b554d907cb210f18e8fcdc8eac013", size = 5223378, upload-time = "2026-04-12T16:26:28.68Z" },
    { url = "https://files.pythonhosted.org/packages/2a/9b/595239ba8c719b0fdc7bc9ebdb7564459c9a6b24b8b363df4a02674aeece/lxml-6.0.4-cp314-cp314t-manylinux_2_28_i686.whl", hash = "sha256:1fb4a1606bb68c533002e7ed50d7e55e58f0ef1696330670281cb79d5ab2050d", size = 5311415, upload-time = "2026-04-12T16:26:31.513Z" },
    { url = "https://files.pythonhosted.org/packages/be/cb/aa27ac8d041acf34691577838494ad08df78e83fdfdb66948d2903e9291e/lxml-6.0.4-cp314-cp314t-manylinux_2_31_armv7l.whl", hash = "sha256:695c7708438e449d57f404db8cc1b769e77ad5b50655f32f8175686ba752f293", size = 4637953, upload-time = "2026-04-12T16:26:33.806Z" },
    { url = "https://files.pythonhosted.org/packages/f6/f2/f19114fd86825c2d1ce41cd99daad218d30cfdd2093d4de9273986fb4d68/lxml-6.0.4-cp314-cp314t-manylinux_2_38_riscv64.manylinux_2_39_riscv64.whl", hash = "sha256:d49c35ae1e35ee9b569892cf8f8f88db9524f28d66e9daee547a5ef9f3c5f468", size = 5231532, upload-time = "2026-04-12T16:26:36.518Z" },
    { url = "https://files.pythonhosted.org/packages/9a/0e/c3fa354039ec0b6b09f40fbe1129efc572ac6239faa4906de42d5ce87c0a/lxml-6.0.4-cp314-cp314t-musllinux_1_2_aarch64.whl", hash = "sha256:5801072f8967625e6249d162065d0d6011ef8ce3d0efb8754496b5246b81a74b", size = 5083767, upload-time = "2026-04-12T16:26:39.332Z" },
    { url = "https://files.pythonhosted.org/packages/b3/4b/1a0dbb6d6ffae16e54a8a3796ded0ad2f9c3bc1ff3728bde33456f4e1d63/lxml-6.0.4-cp314-cp314t-musllinux_1_2_armv7l.whl", hash = "sha256:cbf768541526eba5ef1a49f991122e41b39781eafd0445a5a110fc09947a20b5", size = 4758079, upload-time = "2026-04-12T16:26:42.138Z" },
    { url = "https://files.pythonhosted.org/packages/a9/01/a246cf5f80f96766051de4b305d6552f80bdaefb37f04e019e42af0aba69/lxml-6.0.4-cp314-cp314t-musllinux_1_2_ppc64le.whl", hash = "sha256:eecce87cc09233786fc31c230268183bf6375126cfec1c8b3673fcdc8767b560", size = 5618686, upload-time = "2026-04-12T16:26:44.507Z" },
    { url = "https://files.pythonhosted.org/packages/eb/1f/b072a92369039ebef11b0a654be5134fcf3ed04c0f437faf9435ac9ba845/lxml-6.0.4-cp314-cp314t-musllinux_1_2_riscv64.whl", hash = "sha256:07dce892881179e11053066faca2da17b0eeb0bb7298f11bcf842a86db207dbd", size = 5227259, upload-time = "2026-04-12T16:26:47.083Z" },
    { url = "https://files.pythonhosted.org/packages/d5/a0/dc97034f9d4c0c4d30875147d81fd2c0c7f3d261b109db36ed746bf8ab1d/lxml-6.0.4-cp314-cp314t-musllinux_1_2_x86_64.whl", hash = "sha256:e4f97aee337b947e6699e5574c90d087d3e2ce517016241c07e7e98a28dca885", size = 5246190, upload-time = "2026-04-12T16:26:49.468Z" },
    { url = "https://files.pythonhosted.org/packages/f2/ef/85cb69835113583c2516fee07d0ffb4d824b557424b06ba5872c20ba6078/lxml-6.0.4-cp314-cp314t-win32.whl", hash = "sha256:064477c0d4c695aa1ea4b9c1c4ee9043ab740d12135b74c458cc658350adcd86", size = 3896005, upload-time = "2026-04-12T16:26:52.163Z" },
    { url = "https://files.pythonhosted.org/packages/3d/5e/2231f34cc54b8422b793593138d86d3fa4588fb2297d4ea0472390f25627/lxml-6.0.4-cp314-cp314t-win_amd64.whl", hash = "sha256:25bad2d8438f4ef5a7ad4a8d8bcaadde20c0daced8bdb56d46236b0a7d1cbdd0", size = 4391037, upload-time = "2026-04-12T16:26:54.398Z" },
    { url = "https://files.pythonhosted.org/packages/39/53/8ba3cd5984f8363635450c93f63e541a0721b362bb32ae0d8237d9674aee/lxml-6.0.4-cp314-cp314t-win_arm64.whl", hash = "sha256:1dcd9e6cb9b7df808ea33daebd1801f37a8f50e8c075013ed2a2343246727838", size = 3816184, upload-time = "2026-04-12T16:26:57.011Z" },
]

[[package]]
name = "primp"
version = "1.2.2"
source = { registry = "https://pypi.org/simple" }
sdist = { url = "https://files.pythonhosted.org/packages/76/7b/ed8be2c72c6c5f8cf3c41dc9b4b94aeb37efcc8990635724abf067e7f2aa/primp-1.2.2.tar.gz", hash = "sha256:ab6150eebfea8bb9a129eb2c43296fa6acde949bc4a9ac70cf3279ffbfdac88f", size = 166291, upload-time = "2026-04-03T07:11:28.083Z" }
wheels = [
    { url = "https://files.pythonhosted.org/packages/80/6b/be0766093587e88e0cf7a4b3dd04da09a1ce282b8b0c0c78a6c59312bb62/primp-1.2.2-cp310-abi3-macosx_10_12_x86_64.whl", hash = "sha256:7b5b1ae100600351266685bef5f73f906dc4d67a0234ddca3a639df360fae4f4", size = 4378451, upload-time = "2026-04-03T07:11:15.557Z" },
    { url = "https://files.pythonhosted.org/packages/d8/6e/3dea83a569d9b1352c293589e33ec3a86f3892c5947a290e6195ccbc3fc4/primp-1.2.2-cp310-abi3-macosx_11_0_arm64.whl", hash = "sha256:0b00c906049255c6bbe87a9846d14f3e76886fcc38c1507cc833aa093fb2e680", size = 4041439, upload-time = "2026-04-03T07:11:35.647Z" },
    { url = "https://files.pythonhosted.org/packages/0b/bb/87511a35fe21b33de82550db84154859d71b93020f04f6839f003fc7f4cb/primp-1.2.2-cp310-abi3-manylinux_2_17_aarch64.manylinux2014_aarch64.whl", hash = "sha256:1f9d778e1b64d17270d3e6d652cf0b8e5c864df9e3caa69665dc99904a57f83d", size = 4319301, upload-time = "2026-04-03T07:11:02.583Z" },
    { url = "https://files.pythonhosted.org/packages/a8/1e/18ec7c262f87a4a409ba003c902ce969a4025322c6546b9a3ea68824d7f5/primp-1.2.2-cp310-abi3-manylinux_2_17_armv7l.manylinux2014_armv7l.whl", hash = "sha256:e8c34fcbe1c10f7201d9004502c5af784255accbe518faea91f6989b6f68b2e5", size = 3914005, upload-time = "2026-04-03T07:11:26.891Z" },
    { url = "https://files.pythonhosted.org/packages/38/be/b24293cc6525ed5179a155add307c3a7c93703bf8778f5a2d2fbf78354b5/primp-1.2.2-cp310-abi3-manylinux_2_17_i686.manylinux2014_i686.whl", hash = "sha256:20f71d692ed234364da9c7ad9013bd0049b58410e9e28c4c64f0475c6254c1d3", size = 4163586, upload-time = "2026-04-03T07:11:32.813Z" },
    { url = "https://files.pythonhosted.org/packages/dc/9c/3f3d06c085a6fa9cea89d267a5f83a598f7c60dd2510e5eb9119edfa93ad/primp-1.2.2-cp310-abi3-manylinux_2_17_ppc64le.manylinux2014_ppc64le.whl", hash = "sha256:3d78518ab13b2d63ecc453e7edf33b533492e76b24eb1bfdf744c0ca5d60d49b", size = 4450010, upload-time = "2026-04-03T07:11:05.615Z" },
    { url = "https://files.pythonhosted.org/packages/18/87/df4159d0c40ca42220c99e3f38d4c4806f20f1520ea7259bae00ab781250/primp-1.2.2-cp310-abi3-manylinux_2_17_s390x.manylinux2014_s390x.whl", hash = "sha256:dbda1348329778942a6bee8e12f90e56985bcd414b5ee80c2e2413e1fcbd2ee2", size = 4348650, upload-time = "2026-04-03T07:10:57.913Z" },
    { url = "https://files.pythonhosted.org/packages/e0/07/08c337f7800010393b6a2e11669ac923c8572fa5ce9d3f4164c5c5a7475b/primp-1.2.2-cp310-abi3-manylinux_2_17_x86_64.manylinux2014_x86_64.whl", hash = "sha256:2fa354bf08879662acbc3c141eb365d9bb7a768aee06231ee6af693d37c6000b", size = 4556701, upload-time = "2026-04-03T07:11:22.784Z" },
    { url = "https://files.pythonhosted.org/packages/91/c7/13b1c88499fa3b531c93ef6384580539cbd4d0ff12d1abcd8e2acf30b6e7/primp-1.2.2-cp310-abi3-musllinux_1_2_aarch64.whl", hash = "sha256:ee1225c9688987fb032c00bf241ca10baf371d5b4b7b812bf18468e2f9408b06", size = 4482096, upload-time = "2026-04-03T07:10:56.117Z" },
    { url = "https://files.pythonhosted.org/packages/02/df/1fc8f76ba2893c838e224739e02a200f15a5a483c167587d70d0054a4c00/primp-1.2.2-cp310-abi3-musllinux_1_2_armv7l.whl", hash = "sha256:e2d9d19536c6bdf62c08070825d199938f744a9ad85c08233c264f7eac8c7531", size = 4148763, upload-time = "2026-04-03T07:11:06.778Z" },
    { url = "https://files.pythonhosted.org/packages/bd/f9/dd33612503e5447d50504fe1aaed3eeeaf718d2a7e30227baf6a3f3f1b58/primp-1.2.2-cp310-abi3-musllinux_1_2_i686.whl", hash = "sha256:4e670106e9d54ec5d73b5a1c4ebbb77e1c9b0fcc29f6661d983863d031db3c66", size = 4294449, upload-time = "2026-04-03T07:11:18.491Z" },
    { url = "https://files.pythonhosted.org/packages/3e/45/3c6d2901becc10d7c68f14c91973efe50da0dc5fe65b7d14f12b18f4f248/primp-1.2.2-cp310-abi3-musllinux_1_2_x86_64.whl", hash = "sha256:55d7bfb8555f5a8d8d8fcb3bdc2b08be0372f2f60ad5f7c8fb3b30f8ab7558bc", size = 4804400, upload-time = "2026-04-03T07:11:29.267Z" },
    { url = "https://files.pythonhosted.org/packages/f5/12/5db91660965772af39572829195e653b6ab2472f378346045bddf9d3d630/primp-1.2.2-cp310-abi3-win32.whl", hash = "sha256:387d6511b398678eebc5f083b1ba702da201a8719f3e61795946bf7112e3bcfe", size = 3525833, upload-time = "2026-04-03T07:11:30.517Z" },
    { url = "https://files.pythonhosted.org/packages/47/41/15a26263848143adfe06c2bd73373df9cb4fae3852399be95335000fcff9/primp-1.2.2-cp310-abi3-win_amd64.whl", hash = "sha256:7831385b76618ec4916c3b5d11a8630b406dad042fa3eb043d1f6aca6a0c825e", size = 3900541, upload-time = "2026-04-03T07:11:33.982Z" },
    { url = "https://files.pythonhosted.org/packages/d6/31/beb366bf222771e0c7062efd13d26b7a7f9fb1ba42c2c67d7deccec99772/primp-1.2.2-cp310-abi3-win_arm64.whl", hash = "sha256:5002d61c78ab12a63cbc91ed2e195fbb6d9098a41b736ea680192ca9b2986e59", size = 3887324, upload-time = "2026-04-03T07:11:12.593Z" },
    { url = "https://files.pythonhosted.org/packages/15/ad/428427c1963e40ea206c255bf8e4f1186dd9489936a1f6c313608d8f0920/primp-1.2.2-cp314-cp314t-macosx_10_12_x86_64.whl", hash = "sha256:13956a4ca00f5c6e3192bd3202f26f54711ca6e35533dea2518236a08bc2ecec", size = 4362827, upload-time = "2026-04-03T07:11:11.369Z" },
    { url = "https://files.pythonhosted.org/packages/c0/50/d16a911f19bfc9379229289bd1367b6cc20c7206232c30fb2bf6f04997f3/primp-1.2.2-cp314-cp314t-macosx_11_0_arm64.whl", hash = "sha256:cfb43e112191ca2abd152f6895c08d6463572683070e0e96134c5f6c64449800", size = 4038456, upload-time = "2026-04-03T07:10:59.087Z" },
    { url = "https://files.pythonhosted.org/packages/8d/cb/7de01f6cde950d8066f78d9b8f60c7014f4f54f00e5d24329b0f7db8652c/primp-1.2.2-cp314-cp314t-manylinux_2_17_aarch64.manylinux2014_aarch64.whl", hash = "sha256:86b6b61443675e906064d839e279acdb731e2ddd5b0aa5d4cc12d7d7c58cbfdd", size = 4312185, upload-time = "2026-04-03T07:11:09.571Z" },
    { url = "https://files.pythonhosted.org/packages/ea/80/e1e76238935a49aa58f5ac258041f3e673056899c9749f0955b19065af39/primp-1.2.2-cp314-cp314t-manylinux_2_17_armv7l.manylinux2014_armv7l.whl", hash = "sha256:9c087296ee90d95fcb733f6c53f6d31a25faa8f3a7a2b787622804a0d8672b78", size = 3909719, upload-time = "2026-04-03T07:11:00.71Z" },
    { url = "https://files.pythonhosted.org/packages/bc/ac/b60259be9d0348cb55012aeab2b39eb9ce858e822288420eabbaca11b082/primp-1.2.2-cp314-cp314t-manylinux_2_17_i686.manylinux2014_i686.whl", hash = "sha256:2a4509820cc6815d97737abff4bfb5b5543d5d9817d08f57d6b4b85bc9716280", size = 4164545, upload-time = "2026-04-03T07:11:21.188Z" },
    { url = "https://files.pythonhosted.org/packages/61/d1/64f642bd5754c3acf848987f0cf21fc0f429043d288bb5b8519fad47524d/primp-1.2.2-cp314-cp314t-manylinux_2_17_ppc64le.manylinux2014_ppc64le.whl", hash = "sha256:68f757812e317f8ad46d329ae3798cf3867876d7b44359f58f62c5067b3cd841", size = 4438427, upload-time = "2026-04-03T07:11:31.626Z" },
    { url = "https://files.pythonhosted.org/packages/d8/66/c44b3e001452a88444ad2a6d64f8f0f25eb399a277b44cd45d9ab6ec5810/primp-1.2.2-cp314-cp314t-manylinux_2_17_s390x.manylinux2014_s390x.whl", hash = "sha256:a32f578b29954c697ceca781a2a8cf0842ac25a87cd95e9fe3f6b4fc916953c3", size = 4334964, upload-time = "2026-04-03T07:11:24.061Z" },
    { url = "https://files.pythonhosted.org/packages/0c/10/6b38c0c94d2b5307b7725597b697217d7676d55fd3079afcec0eddbd75e8/primp-1.2.2-cp314-cp314t-manylinux_2_17_x86_64.manylinux2014_x86_64.whl", hash = "sha256:f50c14684a49554f6fc292796644c5414d7c1e6e8056ec1337920d18e3c86de4", size = 4550519, upload-time = "2026-04-03T07:11:25.717Z" },
    { url = "https://files.pythonhosted.org/packages/27/3d/04d21c16415a82d89f45989bf7216d456eb79268f8b94baa2209fa1ab4b0/primp-1.2.2-cp314-cp314t-musllinux_1_2_aarch64.whl", hash = "sha256:bfb74f5c201fb38453ce92bf6bd0af2ff925977642aff4a90d00b54663b1ddc1", size = 4478749, upload-time = "2026-04-03T07:11:36.783Z" },
    { url = "https://files.pythonhosted.org/packages/d1/b3/52360d0b6051fb712b0ba7f4e3f1ab15997405e62ddf47306dc5f0a290ac/primp-1.2.2-cp314-cp314t-musllinux_1_2_armv7l.whl", hash = "sha256:1db96c7306680acc1b8b777cdfcdfefa7d9ff973d6f8f26759522bfee98f80b7", size = 4148483, upload-time = "2026-04-03T07:10:54.374Z" },
    { url = "https://files.pythonhosted.org/packages/7e/db/049657a1a731869e3243da4802b58c48142629e0a8cfb6af735f783358d3/primp-1.2.2-cp314-cp314t-musllinux_1_2_i686.whl", hash = "sha256:5e98582300230ca702080f81789e6839c6c552feecd183383eb515a693ce1122", size = 4287608, upload-time = "2026-04-03T07:11:04.233Z" },
    { url = "https://files.pythonhosted.org/packages/4b/76/8ea898e77f499293a194d3419579c721ff05704a5b4ea05cc65afd9c99e5/primp-1.2.2-cp314-cp314t-musllinux_1_2_x86_64.whl", hash = "sha256:7bbb449ec4705b91a9846ef898fa5b1b7afe7aabdd99e367e2c76690db4b6a9d", size = 4797147, upload-time = "2026-04-03T07:11:20.032Z" },
    { url = "https://files.pythonhosted.org/packages/e9/c3/3898437570bb043ae2af763c5951eee8b1a7fe8b225216e78bfe306c2ff5/primp-1.2.2-cp314-cp314t-win32.whl", hash = "sha256:75be400f178f4e97acd757e27cc2c71948f080cdc52e5474cb1e1e18b5b832d6", size = 3522857, upload-time = "2026-04-03T07:11:08.284Z" },
    { url = "https://files.pythonhosted.org/packages/b4/ea/64c4510e63cc2213afa4938599d996de51e32ba31b62986045f7d32ebb58/primp-1.2.2-cp314-cp314t-win_amd64.whl", hash = "sha256:6dbfa3f2a56508bb24aa6b7d1c55cdc26c9d2dd08ac210c9f2affd7be0cdd8cf", size = 3899017, upload-time = "2026-04-03T07:11:14.406Z" },
    { url = "https://files.pythonhosted.org/packages/78/d1/51cdcb9f4ae6d6a823a8f99cfd1db0247dea0e8e0d6962799da8c95006bc/primp-1.2.2-cp314-cp314t-win_arm64.whl", hash = "sha256:188a9ac1435447ebca26557a1d80a87b3cd2c8466bce65e64eb599ee12210c78", size = 3886420, upload-time = "2026-04-03T07:11:16.996Z" },
]

[[package]]
name = "prompt-toolkit"
version = "3.0.52"
source = { registry = "https://pypi.org/simple" }
dependencies = [
    { name = "wcwidth" },
]
sdist = { url = "https://files.pythonhosted.org/packages/a1/96/06e01a7b38dce6fe1db213e061a4602dd6032a8a97ef6c1a862537732421/prompt_toolkit-3.0.52.tar.gz", hash = "sha256:28cde192929c8e7321de85de1ddbe736f1375148b02f2e17edd840042b1be855", size = 434198, upload-time = "2025-08-27T15:24:02.057Z" }
wheels = [
    { url = "https://files.pythonhosted.org/packages/84/03/0d3ce49e2505ae70cf43bc5bb3033955d2fc9f932163e84dc0779cc47f48/prompt_toolkit-3.0.52-py3-none-any.whl", hash = "sha256:9aac639a3bbd33284347de5ad8d68ecc044b91a762dc39b7c21095fcd6a19955", size = 391431, upload-time = "2025-08-27T15:23:59.498Z" },
]

[[package]]
name = "wcwidth"
version = "0.6.0"
source = { registry = "https://pypi.org/simple" }
sdist = { url = "https://files.pythonhosted.org/packages/35/a2/8e3becb46433538a38726c948d3399905a4c7cabd0df578ede5dc51f0ec2/wcwidth-0.6.0.tar.gz", hash = "sha256:cdc4e4262d6ef9a1a57e018384cbeb1208d8abbc64176027e2c2455c81313159", size = 159684, upload-time = "2026-02-06T19:19:40.919Z" }
wheels = [
    { url = "https://files.pythonhosted.org/packages/68/5a/199c59e0a824a3db2b89c5d2dade7ab5f9624dbf6448dc291b46d5ec94d3/wcwidth-0.6.0-py3-none-any.whl", hash = "sha256:1a3a1e510b553315f8e146c54764f4fb6264ffad731b3d78088cdb1478ffbdad", size = 94189, upload-time = "2026-02-06T19:19:39.646Z" },
]

[[package]]
name = "whesper"
version = "0.1.0"
source = { editable = "." }
dependencies = [
    { name = "ddgs" },
    { name = "prompt-toolkit" },
]

[package.metadata]
requires-dist = [
    { name = "ddgs", specifier = ">=7.0" },
    { name = "prompt-toolkit", specifier = ">=3.0.43,<4" },
]
